// !$*UTF8*$!
{
	archiveVersion = 1;
	classes = {
	};
	objectVersion = 46;
	objects = {

/* Begin PBXBuildFile section */
		0F2DFA3C19022BBE00937D1A /* Foundation.framework in Frameworks */ = {isa = PBXBuildFile; fileRef = 0F2DFA3B19022BBE00937D1A /* Foundation.framework */; };
		0F2DFA3E19022BBE00937D1A /* CoreGraphics.framework in Frameworks */ = {isa = PBXBuildFile; fileRef = 0F2DFA3D19022BBE00937D1A /* CoreGraphics.framework */; };
		0F2DFA4019022BBE00937D1A /* UIKit.framework in Frameworks */ = {isa = PBXBuildFile; fileRef = 0F2DFA3F19022BBE00937D1A /* UIKit.framework */; };
		0F2DFA4619022BBE00937D1A /* InfoPlist.strings in Resources */ = {isa = PBXBuildFile; fileRef = 0F2DFA4419022BBE00937D1A /* InfoPlist.strings */; };
		0F2DFA4819022BBE00937D1A /* main.m in Sources */ = {isa = PBXBuildFile; fileRef = 0F2DFA4719022BBE00937D1A /* main.m */; };
		0F2DFA4C19022BBE00937D1A /* AppDelegate.m in Sources */ = {isa = PBXBuildFile; fileRef = 0F2DFA4B19022BBE00937D1A /* AppDelegate.m */; };
		0F2DFA4E19022BBE00937D1A /* Images.xcassets in Resources */ = {isa = PBXBuildFile; fileRef = 0F2DFA4D19022BBE00937D1A /* Images.xcassets */; };
		0F2DFA5519022BBE00937D1A /* XCTest.framework in Frameworks */ = {isa = PBXBuildFile; fileRef = 0F2DFA5419022BBE00937D1A /* XCTest.framework */; };
		0F2DFA5619022BBE00937D1A /* Foundation.framework in Frameworks */ = {isa = PBXBuildFile; fileRef = 0F2DFA3B19022BBE00937D1A /* Foundation.framework */; };
		0F2DFA5719022BBE00937D1A /* UIKit.framework in Frameworks */ = {isa = PBXBuildFile; fileRef = 0F2DFA3F19022BBE00937D1A /* UIKit.framework */; };
		0F2DFA5F19022BBE00937D1A /* InfoPlist.strings in Resources */ = {isa = PBXBuildFile; fileRef = 0F2DFA5D19022BBE00937D1A /* InfoPlist.strings */; };
		0F2DFA6119022BBE00937D1A /* testHellTests.m in Sources */ = {isa = PBXBuildFile; fileRef = 0F2DFA6019022BBE00937D1A /* testHellTests.m */; };
/* End PBXBuildFile section */

/* Begin PBXContainerItemProxy section */
		0F2DFA5819022BBE00937D1A /* PBXContainerItemProxy */ = {
			isa = PBXContainerItemProxy;
			containerPortal = 0F2DFA3019022BBE00937D1A /* Project object */;
			proxyType = 1;
			remoteGlobalIDString = 0F2DFA3719022BBE00937D1A;
			remoteInfo = testHell;
		};
/* End PBXContainerItemProxy section */

/* Begin PBXFileReference section */
		0F2DFA3819022BBE00937D1A /* testHell.app */ = {isa = PBXFileReference; explicitFileType = wrapper.application; includeInIndex = 0; path = testHell.app; sourceTree = BUILT_PRODUCTS_DIR; };
		0F2DFA3B19022BBE00937D1A /* Foundation.framework */ = {isa = PBXFileReference; lastKnownFileType = wrapper.framework; name = Foundation.framework; path = System/Library/Frameworks/Foundation.framework; sourceTree = SDKROOT; };
		0F2DFA3D19022BBE00937D1A /* CoreGraphics.framework */ = {isa = PBXFileReference; lastKnownFileType = wrapper.framework; name = CoreGraphics.framework; path = System/Library/Frameworks/CoreGraphics.framework; sourceTree = SDKROOT; };
		0F2DFA3F19022BBE00937D1A /* UIKit.framework */ = {isa = PBXFileReference; lastKnownFileType = wrapper.framework; name = UIKit.framework; path = System/Library/Frameworks/UIKit.framework; sourceTree = SDKROOT; };
		0F2DFA4319022BBE00937D1A /* testHell-Info.plist */ = {isa = PBXFileReference; lastKnownFileType = text.plist.xml; path = "testHell-Info.plist"; sourceTree = "<group>"; };
		0F2DFA4519022BBE00937D1A /* en */ = {isa = PBXFileReference; lastKnownFileType = text.plist.strings; name = en; path = en.lproj/InfoPlist.strings; sourceTree = "<group>"; };
		0F2DFA4719022BBE00937D1A /* main.m */ = {isa = PBXFileReference; lastKnownFileType = sourcecode.c.objc; path = main.m; sourceTree = "<group>"; };
		0F2DFA4919022BBE00937D1A /* testHell-Prefix.pch */ = {isa = PBXFileReference; lastKnownFileType = sourcecode.c.h; path = "testHell-Prefix.pch"; sourceTree = "<group>"; };
		0F2DFA4A19022BBE00937D1A /* AppDelegate.h */ = {isa = PBXFileReference; lastKnownFileType = sourcecode.c.h; path = AppDelegate.h; sourceTree = "<group>"; };
		0F2DFA4B19022BBE00937D1A /* AppDelegate.m */ = {isa = PBXFileReference; lastKnownFileType = sourcecode.c.objc; path = AppDelegate.m; sourceTree = "<group>"; };
		0F2DFA4D19022BBE00937D1A /* Images.xcassets */ = {isa = PBXFileReference; lastKnownFileType = folder.assetcatalog; path = Images.xcassets; sourceTree = "<group>"; };
		0F2DFA5319022BBE00937D1A /* testHellTests.xctest */ = {isa = PBXFileReference; explicitFileType = wrapper.cfbundle; includeInIndex = 0; path = testHellTests.xctest; sourceTree = BUILT_PRODUCTS_DIR; };
		0F2DFA5419022BBE00937D1A /* XCTest.framework */ = {isa = PBXFileReference; lastKnownFileType = wrapper.framework; name = XCTest.framework; path = Library/Frameworks/XCTest.framework; sourceTree = DEVELOPER_DIR; };
		0F2DFA5C19022BBE00937D1A /* testHellTests-Info.plist */ = {isa = PBXFileReference; lastKnownFileType = text.plist.xml; path = "testHellTests-Info.plist"; sourceTree = "<group>"; };
		0F2DFA5E19022BBE00937D1A /* en */ = {isa = PBXFileReference; lastKnownFileType = text.plist.strings; name = en; path = en.lproj/InfoPlist.strings; sourceTree = "<group>"; };
		0F2DFA6019022BBE00937D1A /* testHellTests.m */ = {isa = PBXFileReference; lastKnownFileType = sourcecode.c.objc; path = testHellTests.m; sourceTree = "<group>"; };
/* End PBXFileReference section */

/* Begin PBXFrameworksBuildPhase section */
		0F2DFA3519022BBE00937D1A /* Frameworks */ = {
			isa = PBXFrameworksBuildPhase;
			buildActionMask = 2147483647;
			files = (
				0F2DFA3E19022BBE00937D1A /* CoreGraphics.framework in Frameworks */,
				0F2DFA4019022BBE00937D1A /* UIKit.framework in Frameworks */,
				0F2DFA3C19022BBE00937D1A /* Foundation.framework in Frameworks */,
			);
			runOnlyForDeploymentPostprocessing = 0;
		};
		0F2DFA5019022BBE00937D1A /* Frameworks */ = {
			isa = PBXFrameworksBuildPhase;
			buildActionMask = 2147483647;
			files = (
				0F2DFA5519022BBE00937D1A /* XCTest.framework in Frameworks */,
				0F2DFA5719022BBE00937D1A /* UIKit.framework in Frameworks */,
				0F2DFA5619022BBE00937D1A /* Foundation.framework in Frameworks */,
			);
			runOnlyForDeploymentPostprocessing = 0;
		};
/* End PBXFrameworksBuildPhase section */

/* Begin PBXGroup section */
		0F2DFA2F19022BBE00937D1A = {
			isa = PBXGroup;
			children = (
				0F2DFA4119022BBE00937D1A /* testHell */,
				0F2DFA5A19022BBE00937D1A /* testHellTests */,
				0F2DFA3A19022BBE00937D1A /* Frameworks */,
				0F2DFA3919022BBE00937D1A /* Products */,
			);
			sourceTree = "<group>";
		};
		0F2DFA3919022BBE00937D1A /* Products */ = {
			isa = PBXGroup;
			children = (
				0F2DFA3819022BBE00937D1A /* testHell.app */,
				0F2DFA5319022BBE00937D1A /* testHellTests.xctest */,
			);
			name = Products;
			sourceTree = "<group>";
		};
		0F2DFA3A19022BBE00937D1A /* Frameworks */ = {
			isa = PBXGroup;
			children = (
				0F2DFA3B19022BBE00937D1A /* Foundation.framework */,
				0F2DFA3D19022BBE00937D1A /* CoreGraphics.framework */,
				0F2DFA3F19022BBE00937D1A /* UIKit.framework */,
				0F2DFA5419022BBE00937D1A /* XCTest.framework */,
			);
			name = Frameworks;
			sourceTree = "<group>";
		};
		0F2DFA4119022BBE00937D1A /* testHell */ = {
			isa = PBXGroup;
			children = (
				0F2DFA4A19022BBE00937D1A /* AppDelegate.h */,
				0F2DFA4B19022BBE00937D1A /* AppDelegate.m */,
				0F2DFA4D19022BBE00937D1A /* Images.xcassets */,
				0F2DFA4219022BBE00937D1A /* Supporting Files */,
			);
			path = testHell;
			sourceTree = "<group>";
		};
		0F2DFA4219022BBE00937D1A /* Supporting Files */ = {
			isa = PBXGroup;
			children = (
				0F2DFA4319022BBE00937D1A /* testHell-Info.plist */,
				0F2DFA4419022BBE00937D1A /* InfoPlist.strings */,
				0F2DFA4719022BBE00937D1A /* main.m */,
				0F2DFA4919022BBE00937D1A /* testHell-Prefix.pch */,
			);
			name = "Supporting Files";
			sourceTree = "<group>";
		};
		0F2DFA5A19022BBE00937D1A /* testHellTests */ = {
			isa = PBXGroup;
			children = (
				0F2DFA6019022BBE00937D1A /* testHellTests.m */,
				0F2DFA5B19022BBE00937D1A /* Supporting Files */,
			);
			path = testHellTests;
			sourceTree = "<group>";
		};
		0F2DFA5B19022BBE00937D1A /* Supporting Files */ = {
			isa = PBXGroup;
			children = (
				0F2DFA5C19022BBE00937D1A /* testHellTests-Info.plist */,
				0F2DFA5D19022BBE00937D1A /* InfoPlist.strings */,
			);
			name = "Supporting Files";
			sourceTree = "<group>";
		};
/* End PBXGroup section */

/* Begin PBXNativeTarget section */
		0F2DFA3719022BBE00937D1A /* testHell */ = {
			isa = PBXNativeTarget;
			buildConfigurationList = 0F2DFA6419022BBE00937D1A /* Build configuration list for PBXNativeTarget "testHell" */;
			buildPhases = (
				0F2DFA3419022BBE00937D1A /* Sources */,
				0F2DFA3519022BBE00937D1A /* Frameworks */,
				0F2DFA3619022BBE00937D1A /* Resources */,
			);
			buildRules = (
			);
			dependencies = (
			);
			name = testHell;
			productName = testHell;
			productReference = 0F2DFA3819022BBE00937D1A /* testHell.app */;
			productType = "com.apple.product-type.application";
		};
		0F2DFA5219022BBE00937D1A /* testHellTests */ = {
			isa = PBXNativeTarget;
			buildConfigurationList = 0F2DFA6719022BBE00937D1A /* Build configuration list for PBXNativeTarget "testHellTests" */;
			buildPhases = (
				0F2DFA4F19022BBE00937D1A /* Sources */,
				0F2DFA5019022BBE00937D1A /* Frameworks */,
				0F2DFA5119022BBE00937D1A /* Resources */,
			);
			buildRules = (
			);
			dependencies = (
				0F2DFA5919022BBE00937D1A /* PBXTargetDependency */,
			);
			name = testHellTests;
			productName = testHellTests;
			productReference = 0F2DFA5319022BBE00937D1A /* testHellTests.xctest */;
			productType = "com.apple.product-type.bundle.unit-test";
		};
/* End PBXNativeTarget section */

/* Begin PBXProject section */
		0F2DFA3019022BBE00937D1A /* Project object */ = {
			isa = PBXProject;
			attributes = {
				LastUpgradeCheck = 0510;
				ORGANIZATIONNAME = "Hongyi Zheng";
				TargetAttributes = {
					0F2DFA5219022BBE00937D1A = {
						TestTargetID = 0F2DFA3719022BBE00937D1A;
					};
				};
			};
			buildConfigurationList = 0F2DFA3319022BBE00937D1A /* Build configuration list for PBXProject "testHell" */;
			compatibilityVersion = "Xcode 3.2";
			developmentRegion = English;
			hasScannedForEncodings = 0;
			knownRegions = (
				en,
			);
			mainGroup = 0F2DFA2F19022BBE00937D1A;
			productRefGroup = 0F2DFA3919022BBE00937D1A /* Products */;
			projectDirPath = "";
			projectRoot = "";
			targets = (
				0F2DFA3719022BBE00937D1A /* testHell */,
				0F2DFA5219022BBE00937D1A /* testHellTests */,
			);
		};
/* End PBXProject section */

/* Begin PBXResourcesBuildPhase section */
		0F2DFA3619022BBE00937D1A /* Resources */ = {
			isa = PBXResourcesBuildPhase;
			buildActionMask = 2147483647;
			files = (
				0F2DFA4619022BBE00937D1A /* InfoPlist.strings in Resources */,
				0F2DFA4E19022BBE00937D1A /* Images.xcassets in Resources */,
			);
			runOnlyForDeploymentPostprocessing = 0;
		};
		0F2DFA5119022BBE00937D1A /* Resources */ = {
			isa = PBXResourcesBuildPhase;
			buildActionMask = 2147483647;
			files = (
				0F2DFA5F19022BBE00937D1A /* InfoPlist.strings in Resources */,
			);
			runOnlyForDeploymentPostprocessing = 0;
		};
/* End PBXResourcesBuildPhase section */

/* Begin PBXSourcesBuildPhase section */
		0F2DFA3419022BBE00937D1A /* Sources */ = {
			isa = PBXSourcesBuildPhase;
			buildActionMask = 2147483647;
			files = (
				0F2DFA4C19022BBE00937D1A /* AppDelegate.m in Sources */,
				0F2DFA4819022BBE00937D1A /* main.m in Sources */,
			);
			runOnlyForDeploymentPostprocessing = 0;
		};
		0F2DFA4F19022BBE00937D1A /* Sources */ = {
			isa = PBXSourcesBuildPhase;
			buildActionMask = 2147483647;
			files = (
				0F2DFA6119022BBE00937D1A /* testHellTests.m in Sources */,
			);
			runOnlyForDeploymentPostprocessing = 0;
		};
/* End PBXSourcesBuildPhase section */

/* Begin PBXTargetDependency section */
		0F2DFA5919022BBE00937D1A /* PBXTargetDependency */ = {
			isa = PBXTargetDependency;
			target = 0F2DFA3719022BBE00937D1A /* testHell */;
			targetProxy = 0F2DFA5819022BBE00937D1A /* PBXContainerItemProxy */;
		};
/* End PBXTargetDependency section */

/* Begin PBXVariantGroup section */
		0F2DFA4419022BBE00937D1A /* InfoPlist.strings */ = {
			isa = PBXVariantGroup;
			children = (
				0F2DFA4519022BBE00937D1A /* en */,
			);
			name = InfoPlist.strings;
			sourceTree = "<group>";
		};
		0F2DFA5D19022BBE00937D1A /* InfoPlist.strings */ = {
			isa = PBXVariantGroup;
			children = (
				0F2DFA5E19022BBE00937D1A /* en */,
			);
			name = InfoPlist.strings;
			sourceTree = "<group>";
		};
/* End PBXVariantGroup section */

/* Begin XCBuildConfiguration section */
		0F2DFA6219022BBE00937D1A /* Debug */ = {
			isa = XCBuildConfiguration;
			buildSettings = {
				ALWAYS_SEARCH_USER_PATHS = NO;
				CLANG_CXX_LANGUAGE_STANDARD = "gnu++0x";
				CLANG_CXX_LIBRARY = "libc++";
				CLANG_ENABLE_MODULES = YES;
				CLANG_ENABLE_OBJC_ARC = YES;
				CLANG_WARN_BOOL_CONVERSION = YES;
				CLANG_WARN_CONSTANT_CONVERSION = YES;
				CLANG_WARN_DIRECT_OBJC_ISA_USAGE = YES_ERROR;
				CLANG_WARN_EMPTY_BODY = YES;
				CLANG_WARN_ENUM_CONVERSION = YES;
				CLANG_WARN_INT_CONVERSION = YES;
				CLANG_WARN_OBJC_ROOT_CLASS = YES_ERROR;
				CLANG_WARN__DUPLICATE_METHOD_MATCH = YES;
				"CODE_SIGN_IDENTITY[sdk=iphoneos*]" = "iPhone Developer";
				COPY_PHASE_STRIP = NO;
				GCC_C_LANGUAGE_STANDARD = gnu99;
				GCC_DYNAMIC_NO_PIC = NO;
				GCC_OPTIMIZATION_LEVEL = 0;
				GCC_PREPROCESSOR_DEFINITIONS = (
					"DEBUG=1",
					"$(inherited)",
				);
				GCC_SYMBOLS_PRIVATE_EXTERN = NO;
				GCC_WARN_64_TO_32_BIT_CONVERSION = YES;
				GCC_WARN_ABOUT_RETURN_TYPE = YES_ERROR;
				GCC_WARN_UNDECLARED_SELECTOR = YES;
				GCC_WARN_UNINITIALIZED_AUTOS = YES_AGGRESSIVE;
				GCC_WARN_UNUSED_FUNCTION = YES;
				GCC_WARN_UNUSED_VARIABLE = YES;
				IPHONEOS_DEPLOYMENT_TARGET = 7.1;
				ONLY_ACTIVE_ARCH = YES;
				SDKROOT = iphoneos;
			};
			name = Debug;
		};
		0F2DFA6319022BBE00937D1A /* Release */ = {
			isa = XCBuildConfiguration;
			buildSettings = {
				ALWAYS_SEARCH_USER_PATHS = NO;
				CLANG_CXX_LANGUAGE_STANDARD = "gnu++0x";
				CLANG_CXX_LIBRARY = "libc++";
				CLANG_ENABLE_MODULES = YES;
				CLANG_ENABLE_OBJC_ARC = YES;
				CLANG_WARN_BOOL_CONVERSION = YES;
				CLANG_WARN_CONSTANT_CONVERSION = YES;
				CLANG_WARN_DIRECT_OBJC_ISA_USAGE = YES_ERROR;
				CLANG_WARN_EMPTY_BODY = YES;
				CLANG_WARN_ENUM_CONVERSION = YES;
				CLANG_WARN_INT_CONVERSION = YES;
				CLANG_WARN_OBJC_ROOT_CLASS = YES_ERROR;
				CLANG_WARN__DUPLICATE_METHOD_MATCH = YES;
				"CODE_SIGN_IDENTITY[sdk=iphoneos*]" = "iPhone Developer";
				COPY_PHASE_STRIP = YES;
				ENABLE_NS_ASSERTIONS = NO;
				GCC_C_LANGUAGE_STANDARD = gnu99;
				GCC_WARN_64_TO_32_BIT_CONVERSION = YES;
				GCC_WARN_ABOUT_RETURN_TYPE = YES_ERROR;
				GCC_WARN_UNDECLARED_SELECTOR = YES;
				GCC_WARN_UNINITIALIZED_AUTOS = YES_AGGRESSIVE;
				GCC_WARN_UNUSED_FUNCTION = YES;
				GCC_WARN_UNUSED_VARIABLE = YES;
				IPHONEOS_DEPLOYMENT_TARGET = 7.1;
				SDKROOT = iphoneos;
				VALIDATE_PRODUCT = YES;
			};
			name = Release;
		};
		0F2DFA6519022BBE00937D1A /* Debug */ = {
			isa = XCBuildConfiguration;
			buildSettings = {
				ASSETCATALOG_COMPILER_APPICON_NAME = AppIcon;
				ASSETCATALOG_COMPILER_LAUNCHIMAGE_NAME = LaunchImage;
				GCC_PRECOMPILE_PREFIX_HEADER = YES;
				GCC_PREFIX_HEADER = "testHell/testHell-Prefix.pch";
				INFOPLIST_FILE = "testHell/testHell-Info.plist";
				PRODUCT_NAME = "$(TARGET_NAME)";
				WRAPPER_EXTENSION = app;
			};
			name = Debug;
		};
		0F2DFA6619022BBE00937D1A /* Release */ = {
			isa = XCBuildConfiguration;
			buildSettings = {
				ASSETCATALOG_COMPILER_APPICON_NAME = AppIcon;
				ASSETCATALOG_COMPILER_LAUNCHIMAGE_NAME = LaunchImage;
				GCC_PRECOMPILE_PREFIX_HEADER = YES;
				GCC_PREFIX_HEADER = "testHell/testHell-Prefix.pch";
				INFOPLIST_FILE = "testHell/testHell-Info.plist";
				PRODUCT_NAME = "$(TARGET_NAME)";
				WRAPPER_EXTENSION = app;
			};
			name = Release;
		};
		0F2DFA6819022BBE00937D1A /* Debug */ = {
			isa = XCBuildConfiguration;
			buildSettings = {
				BUNDLE_LOADER = "$(BUILT_PRODUCTS_DIR)/testHell.app/testHell";
				FRAMEWORK_SEARCH_PATHS = (
					"$(SDKROOT)/Developer/Library/Frameworks",
					"$(inherited)",
					"$(DEVELOPER_FRAMEWORKS_DIR)",
				);
				GCC_PRECOMPILE_PREFIX_HEADER = YES;
				GCC_PREFIX_HEADER = "testHell/testHell-Prefix.pch";
				GCC_PREPROCESSOR_DEFINITIONS = (
					"DEBUG=1",
					"$(inherited)",
				);
				INFOPLIST_FILE = "testHellTests/testHellTests-Info.plist";
				PRODUCT_NAME = "$(TARGET_NAME)";
				TEST_HOST = "$(BUNDLE_LOADER)";
				WRAPPER_EXTENSION = xctest;
			};
			name = Debug;
		};
		0F2DFA6919022BBE00937D1A /* Release */ = {
			isa = XCBuildConfiguration;
			buildSettings = {
				BUNDLE_LOADER = "$(BUILT_PRODUCTS_DIR)/testHell.app/testHell";
				FRAMEWORK_SEARCH_PATHS = (
					"$(SDKROOT)/Developer/Library/Frameworks",
					"$(inherited)",
					"$(DEVELOPER_FRAMEWORKS_DIR)",
				);
				GCC_PRECOMPILE_PREFIX_HEADER = YES;
				GCC_PREFIX_HEADER = "testHell/testHell-Prefix.pch";
				INFOPLIST_FILE = "testHellTests/testHellTests-Info.plist";
				PRODUCT_NAME = "$(TARGET_NAME)";
				TEST_HOST = "$(BUNDLE_LOADER)";
				WRAPPER_EXTENSION = xctest;
			};
			name = Release;
		};
/* End XCBuildConfiguration section */

/* Begin XCConfigurationList section */
		0F2DFA3319022BBE00937D1A /* Build configuration list for PBXProject "testHell" */ = {
			isa = XCConfigurationList;
			buildConfigurations = (
				0F2DFA6219022BBE00937D1A /* Debug */,
				0F2DFA6319022BBE00937D1A /* Release */,
			);
			defaultConfigurationIsVisible = 0;
			defaultConfigurationName = Release;
		};
		0F2DFA6419022BBE00937D1A /* Build configuration list for PBXNativeTarget "testHell" */ = {
			isa = XCConfigurationList;
			buildConfigurations = (
				0F2DFA6519022BBE00937D1A /* Debug */,
				0F2DFA6619022BBE00937D1A /* Release */,
			);
			defaultConfigurationIsVisible = 0;
		};
		0F2DFA6719022BBE00937D1A /* Build configuration list for PBXNativeTarget "testHellTests" */ = {
			isa = XCConfigurationList;
			buildConfigurations = (
				0F2DFA6819022BBE00937D1A /* Debug */,
				0F2DFA6919022BBE00937D1A /* Release */,
			);
			defaultConfigurationIsVisible = 0;
		};
/* End XCConfigurationList section */
	};
	rootObject = 0F2DFA3019022BBE00937D1A /* Project object */;
}
